
Microsoft Visual Studio Solution File, Format Version 12.00
# Visual Studio Version 16
VisualStudioVersion = 16.0.31515.178
MinimumVisualStudioVersion = 10.0.40219.1
Project("{FAE04EC0-301F-11D3-BF4B-00C04F79EFBC}") = "HRMS", "HRMS\HRMS.csproj", "{2736602D-CDF1-43B5-98B2-CF543B41AC29}"
EndProject
Global
	GlobalSection(SolutionConfigurationPlatforms) = preSolution
		Debug|Any CPU = Debug|Any CPU
		Release|Any CPU = Release|Any CPU
	EndGlobalSection
	GlobalSection(ProjectConfigurationPlatforms) = postSolution
		{2736602D-CDF1-43B5-98B2-CF543B41AC29}.Debug|Any CPU.ActiveCfg = Debug|Any CPU
		{2736602D-CDF1-43B5-98B2-CF543B41AC29}.Debug|Any CPU.Build.0 = Debug|Any CPU
		{2736602D-CDF1-43B5-98B2-CF543B41AC29}.Release|Any CPU.ActiveCfg = Release|Any CPU
		{2736602D-CDF1-43B5-98B2-CF543B41AC29}.Release|Any CPU.Build.0 = Release|Any CPU
	EndGlobalSection
	GlobalSection(SolutionProperties) = preSolution
		HideSolutionNode = FALSE
	EndGlobalSection
	GlobalSection(ExtensibilityGlobals) = postSolution
		SolutionGuid = {848A9E20-2E16-497A-A6A2-7A4C880217C8}
	EndGlobalSection
EndGlobal
